
Microsoft Visual Studio Solution File, Format Version 12.00
# Visual Studio Version 16
VisualStudioVersion = 25.0.1700.0
MinimumVisualStudioVersion = 10.0.40219.1
Project("{2150E333-8FDC-42A3-9474-1A3956D46DE8}") = "Solution Items", "Solution Items", "{DBB1B94B-26CB-42F4-906F-B25AA936C060}"
	ProjectSection(SolutionItems) = preProject
		.gitignore = .gitignore
	EndProjectSection
EndProject
Project("{FAE04EC0-301F-11D3-BF4B-00C04F79EFBC}") = "Identity.Domain", "Identity.Domain\Identity.Domain.csproj", "{A457DA7A-EF3A-40C0-87D2-E2915B6FF8E2}"
EndProject
Project("{FAE04EC0-301F-11D3-BF4B-00C04F79EFBC}") = "Identity.Data", "Identity.Data\Identity.Data.csproj", "{EB550977-1DF4-4B9A-B8E8-256E6801C0E9}"
EndProject
Project("{FAE04EC0-301F-11D3-BF4B-00C04F79EFBC}") = "Identity.API", "Identity.API\Identity.API.csproj", "{6095C5FF-D047-4B5C-AB32-2D0F98A7D0AE}"
EndProject
Project("{FAE04EC0-301F-11D3-BF4B-00C04F79EFBC}") = "Identity.Test", "Identity.Test\Identity.Test.csproj", "{B0DE79FC-8067-49A4-8FA5-0A2E12D0E45F}"
EndProject
Global
	GlobalSection(SolutionConfigurationPlatforms) = preSolution
		Debug|Any CPU = Debug|Any CPU
		Release|Any CPU = Release|Any CPU
	EndGlobalSection
	GlobalSection(ProjectConfigurationPlatforms) = postSolution
		{A457DA7A-EF3A-40C0-87D2-E2915B6FF8E2}.Debug|Any CPU.ActiveCfg = Debug|Any CPU
		{A457DA7A-EF3A-40C0-87D2-E2915B6FF8E2}.Debug|Any CPU.Build.0 = Debug|Any CPU
		{A457DA7A-EF3A-40C0-87D2-E2915B6FF8E2}.Release|Any CPU.ActiveCfg = Release|Any CPU
		{A457DA7A-EF3A-40C0-87D2-E2915B6FF8E2}.Release|Any CPU.Build.0 = Release|Any CPU
		{EB550977-1DF4-4B9A-B8E8-256E6801C0E9}.Debug|Any CPU.ActiveCfg = Debug|Any CPU
		{EB550977-1DF4-4B9A-B8E8-256E6801C0E9}.Debug|Any CPU.Build.0 = Debug|Any CPU
		{EB550977-1DF4-4B9A-B8E8-256E6801C0E9}.Release|Any CPU.ActiveCfg = Release|Any CPU
		{EB550977-1DF4-4B9A-B8E8-256E6801C0E9}.Release|Any CPU.Build.0 = Release|Any CPU
		{6095C5FF-D047-4B5C-AB32-2D0F98A7D0AE}.Debug|Any CPU.ActiveCfg = Debug|Any CPU
		{6095C5FF-D047-4B5C-AB32-2D0F98A7D0AE}.Debug|Any CPU.Build.0 = Debug|Any CPU
		{6095C5FF-D047-4B5C-AB32-2D0F98A7D0AE}.Release|Any CPU.ActiveCfg = Release|Any CPU
		{6095C5FF-D047-4B5C-AB32-2D0F98A7D0AE}.Release|Any CPU.Build.0 = Release|Any CPU
		{B0DE79FC-8067-49A4-8FA5-0A2E12D0E45F}.Debug|Any CPU.ActiveCfg = Debug|Any CPU
		{B0DE79FC-8067-49A4-8FA5-0A2E12D0E45F}.Debug|Any CPU.Build.0 = Debug|Any CPU
		{B0DE79FC-8067-49A4-8FA5-0A2E12D0E45F}.Release|Any CPU.ActiveCfg = Release|Any CPU
		{B0DE79FC-8067-49A4-8FA5-0A2E12D0E45F}.Release|Any CPU.Build.0 = Release|Any CPU
	EndGlobalSection
	GlobalSection(SolutionProperties) = preSolution
		HideSolutionNode = FALSE
	EndGlobalSection
	GlobalSection(ExtensibilityGlobals) = postSolution
		SolutionGuid = {B74EB721-E0C4-4B9B-88DA-D8821BF21AE9}
	EndGlobalSection
EndGlobal
